
Microsoft Visual Studio Solution File, Format Version 12.00
# Visual Studio Version 16
VisualStudioVersion = 16.0.31205.134
MinimumVisualStudioVersion = 10.0.40219.1
Project("{9A19103F-16F7-4668-BE54-9A1E7A4F7556}") = "Photos", "Photos\Photos.csproj", "{EAAC3056-3588-47AB-BD3B-F73EDC8F079D}"
EndProject
Project("{9A19103F-16F7-4668-BE54-9A1E7A4F7556}") = "Photos.AnalyzerService.Abstractions", "Photos.AnalyzerService.Abstractions\Photos.AnalyzerService.Abstractions.csproj", "{738BAC1D-4671-4877-9177-CD443170E536}"
EndProject
Project("{9A19103F-16F7-4668-BE54-9A1E7A4F7556}") = "Photos.AnalyzerService", "Photos.AnalyzerService\Photos.AnalyzerService.csproj", "{828DC5D9-6351-423F-ACA5-3EDD79A65634}"
EndProject
Project("{2150E333-8FDC-42A3-9474-1A3956D46DE8}") = "Solution Items", "Solution Items", "{2A5AB087-9C6F-4EEA-920A-1739C30FF416}"
	ProjectSection(SolutionItems) = preProject
		Personal.postman_collection.json = Personal.postman_collection.json
	EndProjectSection
EndProject
Global
	GlobalSection(SolutionConfigurationPlatforms) = preSolution
		Debug|Any CPU = Debug|Any CPU
		Release|Any CPU = Release|Any CPU
	EndGlobalSection
	GlobalSection(ProjectConfigurationPlatforms) = postSolution
		{EAAC3056-3588-47AB-BD3B-F73EDC8F079D}.Debug|Any CPU.ActiveCfg = Debug|Any CPU
		{EAAC3056-3588-47AB-BD3B-F73EDC8F079D}.Debug|Any CPU.Build.0 = Debug|Any CPU
		{EAAC3056-3588-47AB-BD3B-F73EDC8F079D}.Release|Any CPU.ActiveCfg = Release|Any CPU
		{EAAC3056-3588-47AB-BD3B-F73EDC8F079D}.Release|Any CPU.Build.0 = Release|Any CPU
		{738BAC1D-4671-4877-9177-CD443170E536}.Debug|Any CPU.ActiveCfg = Debug|Any CPU
		{738BAC1D-4671-4877-9177-CD443170E536}.Debug|Any CPU.Build.0 = Debug|Any CPU
		{738BAC1D-4671-4877-9177-CD443170E536}.Release|Any CPU.ActiveCfg = Release|Any CPU
		{738BAC1D-4671-4877-9177-CD443170E536}.Release|Any CPU.Build.0 = Release|Any CPU
		{828DC5D9-6351-423F-ACA5-3EDD79A65634}.Debug|Any CPU.ActiveCfg = Debug|Any CPU
		{828DC5D9-6351-423F-ACA5-3EDD79A65634}.Debug|Any CPU.Build.0 = Debug|Any CPU
		{828DC5D9-6351-423F-ACA5-3EDD79A65634}.Release|Any CPU.ActiveCfg = Release|Any CPU
		{828DC5D9-6351-423F-ACA5-3EDD79A65634}.Release|Any CPU.Build.0 = Release|Any CPU
	EndGlobalSection
	GlobalSection(SolutionProperties) = preSolution
		HideSolutionNode = FALSE
	EndGlobalSection
	GlobalSection(ExtensibilityGlobals) = postSolution
		SolutionGuid = {2C485148-A944-489B-A1FA-4508E7076294}
	EndGlobalSection
EndGlobal
